# This file is automatically @generated by Cargo.
# It is not intended for manual editing.
version = 3

[[package]]
name = "ahash"
version = "0.7.6"
source = "registry+https://github.com/rust-lang/crates.io-index"
checksum = "fcb51a0695d8f838b1ee009b3fbf66bda078cd64590202a864a8f3e8c4315c47"
dependencies = [
 "getrandom",
 "once_cell",
 "version_check",
]

[[package]]
name = "aho-corasick"
version = "0.7.20"
source = "registry+https://github.com/rust-lang/crates.io-index"
checksum = "cc936419f96fa211c1b9166887b38e5e40b19958e5b895be7c1f93adec7071ac"
dependencies = [
 "memchr",
]

[[package]]
name = "ar"
version = "0.9.0"
source = "registry+https://github.com/rust-lang/crates.io-index"
checksum = "d67af77d68a931ecd5cbd8a3b5987d63a1d1d1278f7f6a60ae33db485cdebb69"

[[package]]
name = "arrayvec"
version = "0.7.2"
source = "registry+https://github.com/rust-lang/crates.io-index"
checksum = "8da52d66c7071e2e3fa2a1e5c6d088fec47b593032b254f5e980de8ea54454d6"

[[package]]
name = "autocfg"
version = "1.1.0"
source = "registry+https://github.com/rust-lang/crates.io-index"
checksum = "d468802bab17cbc0cc575e9b053f41e72aa36bfa6b7f55e3529ffa43161b97fa"

[[package]]
name = "bitflags"
version = "1.3.2"
source = "registry+https://github.com/rust-lang/crates.io-index"
checksum = "bef38d45163c2f1dde094a7dfd33ccf595c92905c8f8f4fdc18d06fb1037718a"

[[package]]
name = "bytemuck"
version = "1.13.1"
source = "registry+https://github.com/rust-lang/crates.io-index"
checksum = "17febce684fd15d89027105661fec94afb475cb995fbc59d2865198446ba2eea"

[[package]]
name = "byteorder"
version = "1.4.3"
source = "registry+https://github.com/rust-lang/crates.io-index"
checksum = "14c189c53d098945499cdfa7ecc63567cf3886b3332b312a5b4585d8d3a6a610"

[[package]]
name = "cc"
version = "1.0.79"
source = "registry+https://github.com/rust-lang/crates.io-index"
checksum = "50d30906286121d95be3d479533b458f87493b30a4b5f79a607db8f5d11aa91f"
dependencies = [
 "jobserver",
]

[[package]]
name = "cfg-if"
version = "1.0.0"
source = "registry+https://github.com/rust-lang/crates.io-index"
checksum = "baf1de4339761588bc0619e3cbc0120ee582ebb74b53b4efbf79117bd2da40fd"

[[package]]
name = "cmake"
version = "0.1.50"
source = "registry+https://github.com/rust-lang/crates.io-index"
checksum = "a31c789563b815f77f4250caee12365734369f942439b7defd71e18a48197130"
dependencies = [
 "cc",
]

[[package]]
name = "either"
version = "1.8.1"
source = "registry+https://github.com/rust-lang/crates.io-index"
checksum = "7fcaabb2fef8c910e7f4c7ce9f67a1283a1715879a7c230ca9d6d1ae31f16d91"

[[package]]
name = "elsa"
version = "1.8.1"
source = "registry+https://github.com/rust-lang/crates.io-index"
checksum = "b5e0aca8dce8856e420195bd13b6a64de3334235ccc9214e824b86b12bf26283"
dependencies = [
 "indexmap",
 "stable_deref_trait",
]

[[package]]
name = "fxhash"
version = "0.2.1"
source = "registry+https://github.com/rust-lang/crates.io-index"
checksum = "c31b6d751ae2c7f11320402d34e41349dd1016f8d5d45e48c4312bc8625af50c"
dependencies = [
 "byteorder",
]

[[package]]
name = "getrandom"
version = "0.2.9"
source = "registry+https://github.com/rust-lang/crates.io-index"
checksum = "c85e1d9ab2eadba7e5040d4e09cbd6d072b76a557ad64e797c2cb9d4da21d7e4"
dependencies = [
 "cfg-if",
 "libc",
 "wasi",
]

[[package]]
name = "glam"
version = "0.22.0"
source = "registry+https://github.com/rust-lang/crates.io-index"
checksum = "12f597d56c1bd55a811a1be189459e8fad2bbc272616375602443bdfb37fa774"
dependencies = [
 "num-traits",
]

[[package]]
name = "hashbrown"
version = "0.11.2"
source = "registry+https://github.com/rust-lang/crates.io-index"
checksum = "ab5ef0d4909ef3724cc8cce6ccc8572c5c817592e9285f5464f8e86f8bd3726e"
dependencies = [
 "ahash",
]

[[package]]
name = "hashbrown"
version = "0.12.3"
source = "registry+https://github.com/rust-lang/crates.io-index"
checksum = "8a9ee70c43aaf417c914396645a0fa852624801b24ebb7ae78fe8272889ac888"

[[package]]
name = "indexmap"
version = "1.9.3"
source = "registry+https://github.com/rust-lang/crates.io-index"
checksum = "bd070e393353796e801d209ad339e89596eb4c8d430d18ede6a1cced8fafbd99"
dependencies = [
 "autocfg",
 "hashbrown 0.12.3",
]

[[package]]
name = "itertools"
version = "0.10.5"
source = "registry+https://github.com/rust-lang/crates.io-index"
checksum = "b0fd2260e829bddf4cb6ea802289de2f86d6a7a690192fbe91b3f46e0f2c8473"
dependencies = [
 "either",
]

[[package]]
name = "itoa"
version = "1.0.6"
source = "registry+https://github.com/rust-lang/crates.io-index"
checksum = "453ad9f582a441959e5f0d088b02ce04cfe8d51a8eaf077f12ac6d3e94164ca6"

[[package]]
name = "jobserver"
version = "0.1.26"
source = "registry+https://github.com/rust-lang/crates.io-index"
checksum = "936cfd212a0155903bcbc060e316fb6cc7cbf2e1907329391ebadc1fe0ce77c2"
dependencies = [
 "libc",
]

[[package]]
name = "lazy_static"
version = "1.4.0"
source = "registry+https://github.com/rust-lang/crates.io-index"
checksum = "e2abad23fbc42b3700f2f279844dc832adb2b2eb069b2df918f455c4e18cc646"

[[package]]
name = "libc"
version = "0.2.141"
source = "registry+https://github.com/rust-lang/crates.io-index"
checksum = "3304a64d199bb964be99741b7a14d26972741915b3649639149b2479bb46f4b5"

[[package]]
name = "libm"
version = "0.2.6"
source = "registry+https://github.com/rust-lang/crates.io-index"
checksum = "348108ab3fba42ec82ff6e9564fc4ca0247bdccdc68dd8af9764bbc79c3c8ffb"

[[package]]
name = "memchr"
version = "2.5.0"
source = "registry+https://github.com/rust-lang/crates.io-index"
checksum = "2dffe52ecf27772e601905b7522cb4ef790d2cc203488bbd0e2fe85fcb74566d"

[[package]]
name = "num-traits"
version = "0.2.15"
source = "registry+https://github.com/rust-lang/crates.io-index"
checksum = "578ede34cf02f8924ab9447f50c28075b4d3e5b269972345e7e0372b38c6cdcd"
dependencies = [
 "autocfg",
 "libm",
]

[[package]]
name = "once_cell"
version = "1.17.1"
source = "registry+https://github.com/rust-lang/crates.io-index"
checksum = "b7e5500299e16ebb147ae15a00a942af264cf3688f47923b8fc2cd5858f23ad3"

[[package]]
name = "pkg-config"
version = "0.3.26"
source = "registry+https://github.com/rust-lang/crates.io-index"
checksum = "6ac9a59f73473f1b8d852421e59e64809f025994837ef743615c6d0c5b305160"

[[package]]
name = "ppv-lite86"
version = "0.2.17"
source = "registry+https://github.com/rust-lang/crates.io-index"
checksum = "5b40af805b3121feab8a3c29f04d8ad262fa8e0561883e7653e024ae4479e6de"

[[package]]
name = "proc-macro2"
version = "1.0.56"
source = "registry+https://github.com/rust-lang/crates.io-index"
checksum = "2b63bdb0cd06f1f4dedf69b254734f9b45af66e4a031e42a7480257d9898b435"
dependencies = [
 "unicode-ident",
]

[[package]]
name = "quote"
version = "1.0.26"
source = "registry+https://github.com/rust-lang/crates.io-index"
checksum = "4424af4bf778aae2051a77b60283332f386554255d722233d09fbfc7e30da2fc"
dependencies = [
 "proc-macro2",
]

[[package]]
name = "rand"
version = "0.8.5"
source = "registry+https://github.com/rust-lang/crates.io-index"
checksum = "34af8d1a0e25924bc5b7c43c079c942339d8f0a8b57c39049bef581b46327404"
dependencies = [
 "libc",
 "rand_chacha",
 "rand_core",
]

[[package]]
name = "rand_chacha"
version = "0.3.1"
source = "registry+https://github.com/rust-lang/crates.io-index"
checksum = "e6c10a63a0fa32252be49d21e7709d4d4baf8d231c2dbce1eaa8141b9b127d88"
dependencies = [
 "ppv-lite86",
 "rand_core",
]

[[package]]
name = "rand_core"
version = "0.6.4"
source = "registry+https://github.com/rust-lang/crates.io-index"
checksum = "ec0be4795e2f6a28069bec0b5ff3e2ac9bafc99e6a9a7dc3547996c5c816922c"
dependencies = [
 "getrandom",
]

[[package]]
name = "raw-string"
version = "0.3.5"
source = "registry+https://github.com/rust-lang/crates.io-index"
checksum = "e0501e134c6905fee1f10fed25b0a7e1261bf676cffac9543a7d0730dec01af2"

[[package]]
name = "ray_tracing"
version = "0.1.0"
dependencies = [
 "rand",
 "sdl2",
 "sdl2-sys",
 "shader",
 "spirv-builder",
]

[[package]]
name = "regex"
version = "1.7.3"
source = "registry+https://github.com/rust-lang/crates.io-index"
checksum = "8b1f693b24f6ac912f4893ef08244d70b6067480d2f1a46e950c9691e6749d1d"
dependencies = [
 "aho-corasick",
 "memchr",
 "regex-syntax",
]

[[package]]
name = "regex-syntax"
version = "0.6.29"
source = "registry+https://github.com/rust-lang/crates.io-index"
checksum = "f162c6dd7b008981e4d40210aca20b4bd0f9b60ca9271061b07f78537722f2e1"

[[package]]
name = "rspirv"
version = "0.11.0+1.5.4"
source = "registry+https://github.com/rust-lang/crates.io-index"
checksum = "1503993b59ca9ae4127365c3293517576d7ce56be9f3d8abb1625c85ddc583ba"
dependencies = [
 "fxhash",
 "num-traits",
 "spirv",
]

[[package]]
name = "rustc-demangle"
version = "0.1.22"
source = "registry+https://github.com/rust-lang/crates.io-index"
checksum = "d4a36c42d1873f9a77c53bde094f9664d9891bc604a45b4798fd2c389ed12e5b"

[[package]]
name = "rustc-hash"
version = "1.1.0"
source = "registry+https://github.com/rust-lang/crates.io-index"
checksum = "08d43f7aa6b08d49f382cde6a7982047c3426db949b1424bc4b7ec9ae12c6ce2"

[[package]]
name = "rustc_codegen_spirv"
version = "0.6.1"
source = "registry+https://github.com/rust-lang/crates.io-index"
checksum = "c6de1de7d66862f309ca53b040507527f1d9cd89e590105319d4f584e01e18c7"
dependencies = [
 "ar",
 "either",
 "hashbrown 0.11.2",
 "indexmap",
 "lazy_static",
 "libc",
 "num-traits",
 "once_cell",
 "regex",
 "rspirv",
 "rustc-demangle",
 "rustc_codegen_spirv-types",
 "sanitize-filename",
 "serde",
 "serde_json",
 "smallvec",
 "spirt",
 "spirv-tools",
 "syn 1.0.109",
]

[[package]]
name = "rustc_codegen_spirv-types"
version = "0.6.1"
source = "registry+https://github.com/rust-lang/crates.io-index"
checksum = "c393e1e763a7a1104ab5d34b17c1ee97ca4148b49801488158974dcf135e83fc"
dependencies = [
 "rspirv",
 "serde",
]

[[package]]
name = "ryu"
version = "1.0.13"
source = "registry+https://github.com/rust-lang/crates.io-index"
checksum = "f91339c0467de62360649f8d3e185ca8de4224ff281f66000de5eb2a77a79041"

[[package]]
name = "sanitize-filename"
version = "0.4.0"
source = "registry+https://github.com/rust-lang/crates.io-index"
checksum = "08c502bdb638f1396509467cb0580ef3b29aa2a45c5d43e5d84928241280296c"
dependencies = [
 "lazy_static",
 "regex",
]

[[package]]
name = "sdl2"
version = "0.35.2"
source = "registry+https://github.com/rust-lang/crates.io-index"
checksum = "f7959277b623f1fb9e04aea73686c3ca52f01b2145f8ea16f4ff30d8b7623b1a"
dependencies = [
 "bitflags",
 "lazy_static",
 "libc",
 "sdl2-sys",
]

[[package]]
name = "sdl2-sys"
version = "0.35.2"
source = "registry+https://github.com/rust-lang/crates.io-index"
checksum = "e3586be2cf6c0a8099a79a12b4084357aa9b3e0b0d7980e3b67aaf7a9d55f9f0"
dependencies = [
 "cfg-if",
 "cmake",
 "libc",
 "pkg-config",
 "version-compare",
]

[[package]]
name = "serde"
version = "1.0.159"
source = "registry+https://github.com/rust-lang/crates.io-index"
checksum = "3c04e8343c3daeec41f58990b9d77068df31209f2af111e059e9fe9646693065"
dependencies = [
 "serde_derive",
]

[[package]]
name = "serde_derive"
version = "1.0.159"
source = "registry+https://github.com/rust-lang/crates.io-index"
checksum = "4c614d17805b093df4b147b51339e7e44bf05ef59fba1e45d83500bcfb4d8585"
dependencies = [
 "proc-macro2",
 "quote",
 "syn 2.0.13",
]

[[package]]
name = "serde_json"
version = "1.0.95"
source = "registry+https://github.com/rust-lang/crates.io-index"
checksum = "d721eca97ac802aa7777b701877c8004d950fc142651367300d21c1cc0194744"
dependencies = [
 "itoa",
 "ryu",
 "serde",
]

[[package]]
name = "shader"
version = "0.1.0"
dependencies = [
 "spirv-std",
]

[[package]]
name = "smallvec"
version = "1.10.0"
source = "registry+https://github.com/rust-lang/crates.io-index"
checksum = "a507befe795404456341dfab10cef66ead4c041f62b8b11bbb92bffe5d0953e0"
dependencies = [
 "serde",
]

[[package]]
name = "spirt"
version = "0.1.0"
source = "registry+https://github.com/rust-lang/crates.io-index"
checksum = "06834ebbbbc6f86448fd5dc7ccbac80e36f52f8d66838683752e19d3cae9a459"
dependencies = [
 "arrayvec",
 "bytemuck",
 "elsa",
 "indexmap",
 "itertools",
 "lazy_static",
 "rustc-hash",
 "serde",
 "serde_json",
 "smallvec",
]

[[package]]
name = "spirv"
version = "0.2.0+1.5.4"
source = "registry+https://github.com/rust-lang/crates.io-index"
checksum = "246bfa38fe3db3f1dfc8ca5a2cdeb7348c78be2112740cc0ec8ef18b6d94f830"
dependencies = [
 "bitflags",
 "num-traits",
]

[[package]]
name = "spirv-builder"
version = "0.6.1"
source = "registry+https://github.com/rust-lang/crates.io-index"
checksum = "e617e4b134c14cda656d6553ff007c532876f7e006d0da8060ccf6b3669b6c86"
dependencies = [
 "memchr",
 "raw-string",
 "rustc_codegen_spirv",
 "rustc_codegen_spirv-types",
 "serde",
 "serde_json",
]

[[package]]
name = "spirv-std"
version = "0.6.1"
source = "registry+https://github.com/rust-lang/crates.io-index"
checksum = "19bd20655904cb6136aeb82da8fd21bcc0ffca973d2794da8acc530efd66b854"
dependencies = [
 "bitflags",
 "glam",
 "num-traits",
 "spirv-std-macros",
 "spirv-std-types",
]

[[package]]
name = "spirv-std-macros"
version = "0.6.1"
source = "registry+https://github.com/rust-lang/crates.io-index"
checksum = "16e4c2790b4cac7b2f81037c3108e81aecd7713a975ded4f400a1b05fe4168dd"
dependencies = [
 "proc-macro2",
 "quote",
 "spirv-std-types",
 "syn 1.0.109",
]

[[package]]
name = "spirv-std-types"
version = "0.6.1"
source = "registry+https://github.com/rust-lang/crates.io-index"
checksum = "5a8f7324f64b41beeaae97030f6128ad72747466b4c03459c3714adb84bc6f63"

[[package]]
name = "spirv-tools"
version = "0.9.0"
source = "registry+https://github.com/rust-lang/crates.io-index"
checksum = "dc7c8ca2077515286505bd3ccd396e55ac5706e80322e1d6d22a82e1cad4f7c3"
dependencies = [
 "spirv-tools-sys",
]

[[package]]
name = "spirv-tools-sys"
version = "0.7.0"
source = "registry+https://github.com/rust-lang/crates.io-index"
checksum = "b4b32d9d6469cd6b50dcd6bd841204b5946b4fb7b70a97872717cdc417659c9a"
dependencies = [
 "cc",
]

[[package]]
name = "stable_deref_trait"
version = "1.2.0"
source = "registry+https://github.com/rust-lang/crates.io-index"
checksum = "a8f112729512f8e442d81f95a8a7ddf2b7c6b8a1a6f509a95864142b30cab2d3"

[[package]]
name = "syn"
version = "1.0.109"
source = "registry+https://github.com/rust-lang/crates.io-index"
checksum = "72b64191b275b66ffe2469e8af2c1cfe3bafa67b529ead792a6d0160888b4237"
dependencies = [
 "proc-macro2",
 "quote",
 "unicode-ident",
]

[[package]]
name = "syn"
version = "2.0.13"
source = "registry+https://github.com/rust-lang/crates.io-index"
checksum = "4c9da457c5285ac1f936ebd076af6dac17a61cfe7826f2076b4d015cf47bc8ec"
dependencies = [
 "proc-macro2",
 "quote",
 "unicode-ident",
]

[[package]]
name = "unicode-ident"
version = "1.0.8"
source = "registry+https://github.com/rust-lang/crates.io-index"
checksum = "e5464a87b239f13a63a501f2701565754bae92d243d4bb7eb12f6d57d2269bf4"

[[package]]
name = "version-compare"
version = "0.1.1"
source = "registry+https://github.com/rust-lang/crates.io-index"
checksum = "579a42fc0b8e0c63b76519a339be31bed574929511fa53c1a3acae26eb258f29"

[[package]]
name = "version_check"
version = "0.9.4"
source = "registry+https://github.com/rust-lang/crates.io-index"
checksum = "49874b5167b65d7193b8aba1567f5c7d93d001cafc34600cee003eda787e483f"

[[package]]
name = "wasi"
version = "0.11.0+wasi-snapshot-preview1"
source = "registry+https://github.com/rust-lang/crates.io-index"
checksum = "9c8d87e72b64a3b4db28d11ce29237c246188f4f51057d65a7eab63b7987e423"
